
Microsoft Visual Studio Solution File, Format Version 12.00
# Visual Studio 14
VisualStudioVersion = 14.0.25420.1
MinimumVisualStudioVersion = 10.0.40219.1
Project("{FAE04EC0-301F-11D3-BF4B-00C04F79EFBC}") = "StartIdea.Model", "StartIdea.Model\StartIdea.Model.csproj", "{F64BB58C-E200-43FF-8BF9-450CFDACE761}"
EndProject
Project("{FAE04EC0-301F-11D3-BF4B-00C04F79EFBC}") = "StartIdea.UI", "StartIdea.UI\StartIdea.UI.csproj", "{3D436AA7-2FA5-4A40-AC81-6DBCC8BF1C11}"
EndProject
Project("{FAE04EC0-301F-11D3-BF4B-00C04F79EFBC}") = "StartIdea.DataAccess", "StartIdea.DataAccess\StartIdea.DataAccess.csproj", "{E5DDEB89-ECF6-4D4F-ABEC-8F0966E1A27F}"
EndProject
Project("{2150E333-8FDC-42A3-9474-1A3956D46DE8}") = "StartIdea.Docs", "StartIdea.Docs", "{E0DE64D0-77B6-494E-8B55-4CA98D68F900}"
	ProjectSection(SolutionItems) = preProject
		StartIdea.Docs\Apresentacao.pptx = StartIdea.Docs\Apresentacao.pptx
		StartIdea.Docs\Diagrama-Classe.ncp = StartIdea.Docs\Diagrama-Classe.ncp
		StartIdea.Docs\Diagrama-UseCase.vsdx = StartIdea.Docs\Diagrama-UseCase.vsdx
		StartIdea.Docs\MER.vsdx = StartIdea.Docs\MER.vsdx
		StartIdea.Docs\TCC.docx = StartIdea.Docs\TCC.docx
	EndProjectSection
EndProject
Project("{2150E333-8FDC-42A3-9474-1A3956D46DE8}") = "Diagramas-Sequencia", "Diagramas-Sequencia", "{66D7FB4B-29C0-4788-B116-6D58BCDD1F8E}"
	ProjectSection(SolutionItems) = preProject
		StartIdea.Docs\Diagramas-Sequencia\Administrador.vsdx = StartIdea.Docs\Diagramas-Sequencia\Administrador.vsdx
		StartIdea.Docs\Diagramas-Sequencia\MembroTime.vsdx = StartIdea.Docs\Diagramas-Sequencia\MembroTime.vsdx
		StartIdea.Docs\Diagramas-Sequencia\ProductOwner.vsdx = StartIdea.Docs\Diagramas-Sequencia\ProductOwner.vsdx
		StartIdea.Docs\Diagramas-Sequencia\ScrumMaster.vsdx = StartIdea.Docs\Diagramas-Sequencia\ScrumMaster.vsdx
		StartIdea.Docs\Diagramas-Sequencia\Usuario.vsdx = StartIdea.Docs\Diagramas-Sequencia\Usuario.vsdx
		StartIdea.Docs\Diagramas-Sequencia\Visitante.vsdx = StartIdea.Docs\Diagramas-Sequencia\Visitante.vsdx
	EndProjectSection
EndProject
Project("{2150E333-8FDC-42A3-9474-1A3956D46DE8}") = "Estagio", "Estagio", "{CAB1156B-FB54-45B2-A75F-07BE5CA73D2B}"
	ProjectSection(SolutionItems) = preProject
		StartIdea.Docs\Estagio\8-Relatorio_Estagio_Interno.doc = StartIdea.Docs\Estagio\8-Relatorio_Estagio_Interno.doc
	EndProjectSection
EndProject
Project("{2150E333-8FDC-42A3-9474-1A3956D46DE8}") = "Gabriel", "Gabriel", "{22D81E0D-BBA1-4FC8-B81F-888AA09DDFA6}"
	ProjectSection(SolutionItems) = preProject
		StartIdea.Docs\Estagio\Gabriel\1-Fase_Observacao.doc = StartIdea.Docs\Estagio\Gabriel\1-Fase_Observacao.doc
		StartIdea.Docs\Estagio\Gabriel\2-Controle_Frequencia_Observacao.xls = StartIdea.Docs\Estagio\Gabriel\2-Controle_Frequencia_Observacao.xls
		StartIdea.Docs\Estagio\Gabriel\3-Fase_Participacao.doc = StartIdea.Docs\Estagio\Gabriel\3-Fase_Participacao.doc
		StartIdea.Docs\Estagio\Gabriel\4-Controle_Frequencia_Participacao.xls = StartIdea.Docs\Estagio\Gabriel\4-Controle_Frequencia_Participacao.xls
		StartIdea.Docs\Estagio\Gabriel\5-Declaracao_Final_Estagio_Externo.doc = StartIdea.Docs\Estagio\Gabriel\5-Declaracao_Final_Estagio_Externo.doc
		StartIdea.Docs\Estagio\Gabriel\6-Controle_Frequencia_Interno.xls = StartIdea.Docs\Estagio\Gabriel\6-Controle_Frequencia_Interno.xls
		StartIdea.Docs\Estagio\Gabriel\7-Declaracao_Final_Estagio_Interno.doc = StartIdea.Docs\Estagio\Gabriel\7-Declaracao_Final_Estagio_Interno.doc
	EndProjectSection
EndProject
Project("{2150E333-8FDC-42A3-9474-1A3956D46DE8}") = "Elton", "Elton", "{DAF0EF94-AEED-4CE5-9802-770C313DBF74}"
	ProjectSection(SolutionItems) = preProject
		StartIdea.Docs\Estagio\Elton\1-Fase_Observacao.doc = StartIdea.Docs\Estagio\Elton\1-Fase_Observacao.doc
		StartIdea.Docs\Estagio\Elton\2-Controle_Frequencia_Observacao.xls = StartIdea.Docs\Estagio\Elton\2-Controle_Frequencia_Observacao.xls
		StartIdea.Docs\Estagio\Elton\3-Fase_Participacao.doc = StartIdea.Docs\Estagio\Elton\3-Fase_Participacao.doc
		StartIdea.Docs\Estagio\Elton\4-Controle_Frequencia_Participacao.xls = StartIdea.Docs\Estagio\Elton\4-Controle_Frequencia_Participacao.xls
		StartIdea.Docs\Estagio\Elton\5-Declaracao_Final_Estagio_Externo.doc = StartIdea.Docs\Estagio\Elton\5-Declaracao_Final_Estagio_Externo.doc
		StartIdea.Docs\Estagio\Elton\6-Controle_Frequencia_Interno.xls = StartIdea.Docs\Estagio\Elton\6-Controle_Frequencia_Interno.xls
		StartIdea.Docs\Estagio\Elton\7-Declaracao_Final_Estagio_Interno.doc = StartIdea.Docs\Estagio\Elton\7-Declaracao_Final_Estagio_Interno.doc
	EndProjectSection
EndProject
Global
	GlobalSection(SolutionConfigurationPlatforms) = preSolution
		Debug|Any CPU = Debug|Any CPU
		Release|Any CPU = Release|Any CPU
	EndGlobalSection
	GlobalSection(ProjectConfigurationPlatforms) = postSolution
		{F64BB58C-E200-43FF-8BF9-450CFDACE761}.Debug|Any CPU.ActiveCfg = Debug|Any CPU
		{F64BB58C-E200-43FF-8BF9-450CFDACE761}.Debug|Any CPU.Build.0 = Debug|Any CPU
		{F64BB58C-E200-43FF-8BF9-450CFDACE761}.Release|Any CPU.ActiveCfg = Release|Any CPU
		{F64BB58C-E200-43FF-8BF9-450CFDACE761}.Release|Any CPU.Build.0 = Release|Any CPU
		{3D436AA7-2FA5-4A40-AC81-6DBCC8BF1C11}.Debug|Any CPU.ActiveCfg = Debug|Any CPU
		{3D436AA7-2FA5-4A40-AC81-6DBCC8BF1C11}.Debug|Any CPU.Build.0 = Debug|Any CPU
		{3D436AA7-2FA5-4A40-AC81-6DBCC8BF1C11}.Release|Any CPU.ActiveCfg = Release|Any CPU
		{3D436AA7-2FA5-4A40-AC81-6DBCC8BF1C11}.Release|Any CPU.Build.0 = Release|Any CPU
		{E5DDEB89-ECF6-4D4F-ABEC-8F0966E1A27F}.Debug|Any CPU.ActiveCfg = Debug|Any CPU
		{E5DDEB89-ECF6-4D4F-ABEC-8F0966E1A27F}.Debug|Any CPU.Build.0 = Debug|Any CPU
		{E5DDEB89-ECF6-4D4F-ABEC-8F0966E1A27F}.Release|Any CPU.ActiveCfg = Release|Any CPU
		{E5DDEB89-ECF6-4D4F-ABEC-8F0966E1A27F}.Release|Any CPU.Build.0 = Release|Any CPU
	EndGlobalSection
	GlobalSection(SolutionProperties) = preSolution
		HideSolutionNode = FALSE
	EndGlobalSection
	GlobalSection(NestedProjects) = preSolution
		{66D7FB4B-29C0-4788-B116-6D58BCDD1F8E} = {E0DE64D0-77B6-494E-8B55-4CA98D68F900}
		{CAB1156B-FB54-45B2-A75F-07BE5CA73D2B} = {E0DE64D0-77B6-494E-8B55-4CA98D68F900}
		{22D81E0D-BBA1-4FC8-B81F-888AA09DDFA6} = {CAB1156B-FB54-45B2-A75F-07BE5CA73D2B}
		{DAF0EF94-AEED-4CE5-9802-770C313DBF74} = {CAB1156B-FB54-45B2-A75F-07BE5CA73D2B}
	EndGlobalSection
EndGlobal
